# This file is autogenerated, do not edit; changes may be undone by the next 'dep ensure'.


[[projects]]
  branch = "master"
  name = "github.com/rif/go-eventsocket"
  packages = ["eventsocket"]
  revision = "7ac4aebe4838a9efd3b17da1384d7c5a90e1b883"

[[projects]]
  branch = "master"
  name = "golang.org/x/net"
  packages = ["html","html/atom","html/charset"]
  revision = "ea0da6f35caf3ff91581c800469e22eef75076f4"

[[projects]]
  branch = "master"
  name = "golang.org/x/text"
  packages = ["encoding","encoding/charmap","encoding/htmlindex","encoding/internal","encoding/internal/identifier","encoding/japanese","encoding/korean","encoding/simplifiedchinese","encoding/traditionalchinese","encoding/unicode","internal/gen","internal/tag","internal/utf8internal","language","runes","transform","unicode/cldr"]
  revision = "7d4e23b25beca3bc3b804ab134f0b12b4ca909d1"

[solve-meta]
  analyzer-name = "dep"
  analyzer-version = 1
  inputs-digest = "1fbc185a7872d92622a0c2bb889b45e61b3a0933b29f57ed9d8e988bd6937a05"
  solver-name = "gps-cdcl"
  solver-version = 1
